// !$*UTF8*$!
{
	archiveVersion = 1;
	classes = {
	};
	objectVersion = 56;
	objects = {

/* Begin PBXBuildFile section */
		DB28F3ED2AF66DC20084C088 /* TreacheryOptionsPanel.swift in Sources */ = {isa = PBXBuildFile; fileRef = DB28F3EC2AF66DC20084C088 /* TreacheryOptionsPanel.swift */; };
		DB28F3EF2AF7AD6E0084C088 /* ProfileSelectorView.swift in Sources */ = {isa = PBXBuildFile; fileRef = DB28F3EE2AF7AD6E0084C088 /* ProfileSelectorView.swift */; };
		DBA758032AEE97C400DE2D16 /* LifeCounterApp.swift in Sources */ = {isa = PBXBuildFile; fileRef = DBA758022AEE97C400DE2D16 /* LifeCounterApp.swift */; };
		DBA758052AEE97C400DE2D16 /* ContentView.swift in Sources */ = {isa = PBXBuildFile; fileRef = DBA758042AEE97C400DE2D16 /* ContentView.swift */; };
		DBA758072AEE97C600DE2D16 /* Assets.xcassets in Resources */ = {isa = PBXBuildFile; fileRef = DBA758062AEE97C600DE2D16 /* Assets.xcassets */; };
		DBA7580A2AEE97C600DE2D16 /* Preview Assets.xcassets in Resources */ = {isa = PBXBuildFile; fileRef = DBA758092AEE97C600DE2D16 /* Preview Assets.xcassets */; };
		DBA758192AEE9B7E00DE2D16 /* LifePointsViewModel.swift in Sources */ = {isa = PBXBuildFile; fileRef = DBA758182AEE9B7E00DE2D16 /* LifePointsViewModel.swift */; };
		DBA7581B2AEE9B9400DE2D16 /* LifePointsView.swift in Sources */ = {isa = PBXBuildFile; fileRef = DBA7581A2AEE9B9400DE2D16 /* LifePointsView.swift */; };
		DBA7581D2AEE9BA500DE2D16 /* LifePointsPlayerPanelView.swift in Sources */ = {isa = PBXBuildFile; fileRef = DBA7581C2AEE9BA500DE2D16 /* LifePointsPlayerPanelView.swift */; };
		DBA7581F2AEE9BB000DE2D16 /* LifePointsPanelView.swift in Sources */ = {isa = PBXBuildFile; fileRef = DBA7581E2AEE9BB000DE2D16 /* LifePointsPanelView.swift */; };
		DBA758212AEE9BC300DE2D16 /* Blueprints.swift in Sources */ = {isa = PBXBuildFile; fileRef = DBA758202AEE9BC300DE2D16 /* Blueprints.swift */; };
		DBA758232AEE9BD300DE2D16 /* Treachery.swift in Sources */ = {isa = PBXBuildFile; fileRef = DBA758222AEE9BD300DE2D16 /* Treachery.swift */; };
		DBA758252AEE9BDD00DE2D16 /* LifePointsPlayerPanelView+Treachery.swift in Sources */ = {isa = PBXBuildFile; fileRef = DBA758242AEE9BDD00DE2D16 /* LifePointsPlayerPanelView+Treachery.swift */; };
		DBA758272AEE9BEC00DE2D16 /* CommanderDamagesPanel.swift in Sources */ = {isa = PBXBuildFile; fileRef = DBA758262AEE9BEC00DE2D16 /* CommanderDamagesPanel.swift */; };
		DBA758292AEE9BF500DE2D16 /* MonarchTokenView.swift in Sources */ = {isa = PBXBuildFile; fileRef = DBA758282AEE9BF500DE2D16 /* MonarchTokenView.swift */; };
		DBA7582B2AEE9BFE00DE2D16 /* CircularButtonView.swift in Sources */ = {isa = PBXBuildFile; fileRef = DBA7582A2AEE9BFE00DE2D16 /* CircularButtonView.swift */; };
		DBA7582D2AEE9C7C00DE2D16 /* OG_Extensions.swift in Sources */ = {isa = PBXBuildFile; fileRef = DBA7582C2AEE9C7C00DE2D16 /* OG_Extensions.swift */; };
		DBA7582F2AEE9D8E00DE2D16 /* CardSizes.swift in Sources */ = {isa = PBXBuildFile; fileRef = DBA7582E2AEE9D8E00DE2D16 /* CardSizes.swift */; };
		DBA758312AEE9E2E00DE2D16 /* PlanechaseViewModel.swift in Sources */ = {isa = PBXBuildFile; fileRef = DBA758302AEE9E2E00DE2D16 /* PlanechaseViewModel.swift */; };
		DBA758332AEE9E4600DE2D16 /* SaveManager.swift in Sources */ = {isa = PBXBuildFile; fileRef = DBA758322AEE9E4600DE2D16 /* SaveManager.swift */; };
		DBA758362AEEB7DF00DE2D16 /* Localizable.strings in Resources */ = {isa = PBXBuildFile; fileRef = DBA758382AEEB7DF00DE2D16 /* Localizable.strings */; };
		DBA7583C2AEEBA6600DE2D16 /* OptionsPanel.swift in Sources */ = {isa = PBXBuildFile; fileRef = DBA7583B2AEEBA6600DE2D16 /* OptionsPanel.swift */; };
		DBA7583E2AEEBA7500DE2D16 /* LifeOptionsPanel.swift in Sources */ = {isa = PBXBuildFile; fileRef = DBA7583D2AEEBA7500DE2D16 /* LifeOptionsPanel.swift */; };
		DBA758412AEEBAAD00DE2D16 /* MenuNumberOfPlayerChoiceView.swift in Sources */ = {isa = PBXBuildFile; fileRef = DBA758402AEEBAAD00DE2D16 /* MenuNumberOfPlayerChoiceView.swift */; };
		DBA758432AEEBAB800DE2D16 /* MenuStartingLifeChoiceView.swift in Sources */ = {isa = PBXBuildFile; fileRef = DBA758422AEEBAB800DE2D16 /* MenuStartingLifeChoiceView.swift */; };
		DBA758452AEEBAED00DE2D16 /* OptionsMenuView.swift in Sources */ = {isa = PBXBuildFile; fileRef = DBA758442AEEBAED00DE2D16 /* OptionsMenuView.swift */; };
		DBA7584A2AEFE9C000DE2D16 /* AlternativeCountersView.swift in Sources */ = {isa = PBXBuildFile; fileRef = DBA758492AEFE9C000DE2D16 /* AlternativeCountersView.swift */; };
		DBA7584C2AEFED5100DE2D16 /* LifePointsPanelBackground.swift in Sources */ = {isa = PBXBuildFile; fileRef = DBA7584B2AEFED5100DE2D16 /* LifePointsPanelBackground.swift */; };
		DBA7584E2AF14F5D00DE2D16 /* LP_Structs.swift in Sources */ = {isa = PBXBuildFile; fileRef = DBA7584D2AF14F5D00DE2D16 /* LP_Structs.swift */; };
/* End PBXBuildFile section */

/* Begin PBXFileReference section */
		DB28F3EC2AF66DC20084C088 /* TreacheryOptionsPanel.swift */ = {isa = PBXFileReference; lastKnownFileType = sourcecode.swift; path = TreacheryOptionsPanel.swift; sourceTree = "<group>"; };
		DB28F3EE2AF7AD6E0084C088 /* ProfileSelectorView.swift */ = {isa = PBXFileReference; lastKnownFileType = sourcecode.swift; path = ProfileSelectorView.swift; sourceTree = "<group>"; };
		DBA757FF2AEE97C400DE2D16 /* LifeCounter.app */ = {isa = PBXFileReference; explicitFileType = wrapper.application; includeInIndex = 0; path = LifeCounter.app; sourceTree = BUILT_PRODUCTS_DIR; };
		DBA758022AEE97C400DE2D16 /* LifeCounterApp.swift */ = {isa = PBXFileReference; lastKnownFileType = sourcecode.swift; path = LifeCounterApp.swift; sourceTree = "<group>"; };
		DBA758042AEE97C400DE2D16 /* ContentView.swift */ = {isa = PBXFileReference; lastKnownFileType = sourcecode.swift; path = ContentView.swift; sourceTree = "<group>"; };
		DBA758062AEE97C600DE2D16 /* Assets.xcassets */ = {isa = PBXFileReference; lastKnownFileType = folder.assetcatalog; path = Assets.xcassets; sourceTree = "<group>"; };
		DBA758092AEE97C600DE2D16 /* Preview Assets.xcassets */ = {isa = PBXFileReference; lastKnownFileType = folder.assetcatalog; path = "Preview Assets.xcassets"; sourceTree = "<group>"; };
		DBA758182AEE9B7E00DE2D16 /* LifePointsViewModel.swift */ = {isa = PBXFileReference; lastKnownFileType = sourcecode.swift; path = LifePointsViewModel.swift; sourceTree = "<group>"; };
		DBA7581A2AEE9B9400DE2D16 /* LifePointsView.swift */ = {isa = PBXFileReference; lastKnownFileType = sourcecode.swift; path = LifePointsView.swift; sourceTree = "<group>"; };
		DBA7581C2AEE9BA500DE2D16 /* LifePointsPlayerPanelView.swift */ = {isa = PBXFileReference; lastKnownFileType = sourcecode.swift; path = LifePointsPlayerPanelView.swift; sourceTree = "<group>"; };
		DBA7581E2AEE9BB000DE2D16 /* LifePointsPanelView.swift */ = {isa = PBXFileReference; lastKnownFileType = sourcecode.swift; path = LifePointsPanelView.swift; sourceTree = "<group>"; };
		DBA758202AEE9BC300DE2D16 /* Blueprints.swift */ = {isa = PBXFileReference; lastKnownFileType = sourcecode.swift; path = Blueprints.swift; sourceTree = "<group>"; };
		DBA758222AEE9BD300DE2D16 /* Treachery.swift */ = {isa = PBXFileReference; lastKnownFileType = sourcecode.swift; path = Treachery.swift; sourceTree = "<group>"; };
		DBA758242AEE9BDD00DE2D16 /* LifePointsPlayerPanelView+Treachery.swift */ = {isa = PBXFileReference; lastKnownFileType = sourcecode.swift; path = "LifePointsPlayerPanelView+Treachery.swift"; sourceTree = "<group>"; };
		DBA758262AEE9BEC00DE2D16 /* CommanderDamagesPanel.swift */ = {isa = PBXFileReference; lastKnownFileType = sourcecode.swift; path = CommanderDamagesPanel.swift; sourceTree = "<group>"; };
		DBA758282AEE9BF500DE2D16 /* MonarchTokenView.swift */ = {isa = PBXFileReference; lastKnownFileType = sourcecode.swift; path = MonarchTokenView.swift; sourceTree = "<group>"; };
		DBA7582A2AEE9BFE00DE2D16 /* CircularButtonView.swift */ = {isa = PBXFileReference; lastKnownFileType = sourcecode.swift; path = CircularButtonView.swift; sourceTree = "<group>"; };
		DBA7582C2AEE9C7C00DE2D16 /* OG_Extensions.swift */ = {isa = PBXFileReference; lastKnownFileType = sourcecode.swift; path = OG_Extensions.swift; sourceTree = "<group>"; };
		DBA7582E2AEE9D8E00DE2D16 /* CardSizes.swift */ = {isa = PBXFileReference; lastKnownFileType = sourcecode.swift; path = CardSizes.swift; sourceTree = "<group>"; };
		DBA758302AEE9E2E00DE2D16 /* PlanechaseViewModel.swift */ = {isa = PBXFileReference; lastKnownFileType = sourcecode.swift; path = PlanechaseViewModel.swift; sourceTree = "<group>"; };
		DBA758322AEE9E4600DE2D16 /* SaveManager.swift */ = {isa = PBXFileReference; lastKnownFileType = sourcecode.swift; path = SaveManager.swift; sourceTree = "<group>"; };
		DBA758372AEEB7DF00DE2D16 /* en */ = {isa = PBXFileReference; lastKnownFileType = text.plist.strings; name = en; path = en.lproj/Localizable.strings; sourceTree = "<group>"; };
		DBA758392AEEB83F00DE2D16 /* fr */ = {isa = PBXFileReference; lastKnownFileType = text.plist.strings; name = fr; path = fr.lproj/Localizable.strings; sourceTree = "<group>"; };
		DBA7583B2AEEBA6600DE2D16 /* OptionsPanel.swift */ = {isa = PBXFileReference; lastKnownFileType = sourcecode.swift; path = OptionsPanel.swift; sourceTree = "<group>"; };
		DBA7583D2AEEBA7500DE2D16 /* LifeOptionsPanel.swift */ = {isa = PBXFileReference; lastKnownFileType = sourcecode.swift; path = LifeOptionsPanel.swift; sourceTree = "<group>"; };
		DBA758402AEEBAAD00DE2D16 /* MenuNumberOfPlayerChoiceView.swift */ = {isa = PBXFileReference; lastKnownFileType = sourcecode.swift; path = MenuNumberOfPlayerChoiceView.swift; sourceTree = "<group>"; };
		DBA758422AEEBAB800DE2D16 /* MenuStartingLifeChoiceView.swift */ = {isa = PBXFileReference; lastKnownFileType = sourcecode.swift; path = MenuStartingLifeChoiceView.swift; sourceTree = "<group>"; };
		DBA758442AEEBAED00DE2D16 /* OptionsMenuView.swift */ = {isa = PBXFileReference; lastKnownFileType = sourcecode.swift; path = OptionsMenuView.swift; sourceTree = "<group>"; };
		DBA758492AEFE9C000DE2D16 /* AlternativeCountersView.swift */ = {isa = PBXFileReference; lastKnownFileType = sourcecode.swift; path = AlternativeCountersView.swift; sourceTree = "<group>"; };
		DBA7584B2AEFED5100DE2D16 /* LifePointsPanelBackground.swift */ = {isa = PBXFileReference; lastKnownFileType = sourcecode.swift; path = LifePointsPanelBackground.swift; sourceTree = "<group>"; };
		DBA7584D2AF14F5D00DE2D16 /* LP_Structs.swift */ = {isa = PBXFileReference; lastKnownFileType = sourcecode.swift; path = LP_Structs.swift; sourceTree = "<group>"; };
		DBA7584F2AF5207300DE2D16 /* Info.plist */ = {isa = PBXFileReference; lastKnownFileType = text.plist; path = Info.plist; sourceTree = "<group>"; };
/* End PBXFileReference section */

/* Begin PBXFrameworksBuildPhase section */
		DBA757FC2AEE97C400DE2D16 /* Frameworks */ = {
			isa = PBXFrameworksBuildPhase;
			buildActionMask = 2147483647;
			files = (
			);
			runOnlyForDeploymentPostprocessing = 0;
		};
/* End PBXFrameworksBuildPhase section */

/* Begin PBXGroup section */
		DBA757F62AEE97C400DE2D16 = {
			isa = PBXGroup;
			children = (
				DBA758012AEE97C400DE2D16 /* LifeCounter */,
				DBA758002AEE97C400DE2D16 /* Products */,
			);
			sourceTree = "<group>";
		};
		DBA758002AEE97C400DE2D16 /* Products */ = {
			isa = PBXGroup;
			children = (
				DBA757FF2AEE97C400DE2D16 /* LifeCounter.app */,
			);
			name = Products;
			sourceTree = "<group>";
		};
		DBA758012AEE97C400DE2D16 /* LifeCounter */ = {
			isa = PBXGroup;
			children = (
				DBA7584F2AF5207300DE2D16 /* Info.plist */,
				DBA7583A2AEEBA2100DE2D16 /* Options */,
				DBA758152AEE9B5800DE2D16 /* LifePoints */,
				DBA758022AEE97C400DE2D16 /* LifeCounterApp.swift */,
				DBA758042AEE97C400DE2D16 /* ContentView.swift */,
				DBA758062AEE97C600DE2D16 /* Assets.xcassets */,
				DBA758082AEE97C600DE2D16 /* Preview Content */,
				DBA7582C2AEE9C7C00DE2D16 /* OG_Extensions.swift */,
				DBA7582E2AEE9D8E00DE2D16 /* CardSizes.swift */,
				DBA758302AEE9E2E00DE2D16 /* PlanechaseViewModel.swift */,
				DBA758322AEE9E4600DE2D16 /* SaveManager.swift */,
				DBA758382AEEB7DF00DE2D16 /* Localizable.strings */,
			);
			path = LifeCounter;
			sourceTree = "<group>";
		};
		DBA758082AEE97C600DE2D16 /* Preview Content */ = {
			isa = PBXGroup;
			children = (
				DBA758092AEE97C600DE2D16 /* Preview Assets.xcassets */,
			);
			path = "Preview Content";
			sourceTree = "<group>";
		};
		DBA758152AEE9B5800DE2D16 /* LifePoints */ = {
			isa = PBXGroup;
			children = (
				DBA758172AEE9B6C00DE2D16 /* Treachery */,
				DBA758162AEE9B6500DE2D16 /* Views */,
				DBA758202AEE9BC300DE2D16 /* Blueprints.swift */,
			);
			path = LifePoints;
			sourceTree = "<group>";
		};
		DBA758162AEE9B6500DE2D16 /* Views */ = {
			isa = PBXGroup;
			children = (
				DBA758182AEE9B7E00DE2D16 /* LifePointsViewModel.swift */,
				DBA758462AEFE92A00DE2D16 /* LifePointsView */,
				DBA758282AEE9BF500DE2D16 /* MonarchTokenView.swift */,
				DBA7582A2AEE9BFE00DE2D16 /* CircularButtonView.swift */,
				DBA7584D2AF14F5D00DE2D16 /* LP_Structs.swift */,
			);
			path = Views;
			sourceTree = "<group>";
		};
		DBA758172AEE9B6C00DE2D16 /* Treachery */ = {
			isa = PBXGroup;
			children = (
				DBA758222AEE9BD300DE2D16 /* Treachery.swift */,
				DBA758242AEE9BDD00DE2D16 /* LifePointsPlayerPanelView+Treachery.swift */,
			);
			path = Treachery;
			sourceTree = "<group>";
		};
		DBA7583A2AEEBA2100DE2D16 /* Options */ = {
			isa = PBXGroup;
			children = (
				DBA758442AEEBAED00DE2D16 /* OptionsMenuView.swift */,
				DBA7583F2AEEBAA500DE2D16 /* OptionsPicker */,
				DBA7583B2AEEBA6600DE2D16 /* OptionsPanel.swift */,
				DBA7583D2AEEBA7500DE2D16 /* LifeOptionsPanel.swift */,
				DB28F3EC2AF66DC20084C088 /* TreacheryOptionsPanel.swift */,
			);
			path = Options;
			sourceTree = "<group>";
		};
		DBA7583F2AEEBAA500DE2D16 /* OptionsPicker */ = {
			isa = PBXGroup;
			children = (
				DBA758402AEEBAAD00DE2D16 /* MenuNumberOfPlayerChoiceView.swift */,
				DBA758422AEEBAB800DE2D16 /* MenuStartingLifeChoiceView.swift */,
			);
			path = OptionsPicker;
			sourceTree = "<group>";
		};
		DBA758462AEFE92A00DE2D16 /* LifePointsView */ = {
			isa = PBXGroup;
			children = (
				DBA7581A2AEE9B9400DE2D16 /* LifePointsView.swift */,
				DBA758472AEFE93300DE2D16 /* LifePointsPlayerPanelView */,
			);
			path = LifePointsView;
			sourceTree = "<group>";
		};
		DBA758472AEFE93300DE2D16 /* LifePointsPlayerPanelView */ = {
			isa = PBXGroup;
			children = (
				DBA7581C2AEE9BA500DE2D16 /* LifePointsPlayerPanelView.swift */,
				DBA758482AEFE93F00DE2D16 /* Views */,
			);
			path = LifePointsPlayerPanelView;
			sourceTree = "<group>";
		};
		DBA758482AEFE93F00DE2D16 /* Views */ = {
			isa = PBXGroup;
			children = (
				DBA758262AEE9BEC00DE2D16 /* CommanderDamagesPanel.swift */,
				DBA7581E2AEE9BB000DE2D16 /* LifePointsPanelView.swift */,
				DBA758492AEFE9C000DE2D16 /* AlternativeCountersView.swift */,
				DBA7584B2AEFED5100DE2D16 /* LifePointsPanelBackground.swift */,
				DB28F3EE2AF7AD6E0084C088 /* ProfileSelectorView.swift */,
			);
			path = Views;
			sourceTree = "<group>";
		};
/* End PBXGroup section */

/* Begin PBXNativeTarget section */
		DBA757FE2AEE97C400DE2D16 /* LifeCounter */ = {
			isa = PBXNativeTarget;
			buildConfigurationList = DBA7580D2AEE97C600DE2D16 /* Build configuration list for PBXNativeTarget "LifeCounter" */;
			buildPhases = (
				DBA757FB2AEE97C400DE2D16 /* Sources */,
				DBA757FC2AEE97C400DE2D16 /* Frameworks */,
				DBA757FD2AEE97C400DE2D16 /* Resources */,
			);
			buildRules = (
			);
			dependencies = (
			);
			name = LifeCounter;
			productName = LifeCounter;
			productReference = DBA757FF2AEE97C400DE2D16 /* LifeCounter.app */;
			productType = "com.apple.product-type.application";
		};
/* End PBXNativeTarget section */

/* Begin PBXProject section */
		DBA757F72AEE97C400DE2D16 /* Project object */ = {
			isa = PBXProject;
			attributes = {
				BuildIndependentTargetsInParallel = 1;
				LastSwiftUpdateCheck = 1420;
				LastUpgradeCheck = 1420;
				TargetAttributes = {
					DBA757FE2AEE97C400DE2D16 = {
						CreatedOnToolsVersion = 14.2;
					};
				};
			};
			buildConfigurationList = DBA757FA2AEE97C400DE2D16 /* Build configuration list for PBXProject "LifeCounter" */;
			compatibilityVersion = "Xcode 14.0";
			developmentRegion = en;
			hasScannedForEncodings = 0;
			knownRegions = (
				en,
				Base,
				fr,
			);
			mainGroup = DBA757F62AEE97C400DE2D16;
			productRefGroup = DBA758002AEE97C400DE2D16 /* Products */;
			projectDirPath = "";
			projectRoot = "";
			targets = (
				DBA757FE2AEE97C400DE2D16 /* LifeCounter */,
			);
		};
/* End PBXProject section */

/* Begin PBXResourcesBuildPhase section */
		DBA757FD2AEE97C400DE2D16 /* Resources */ = {
			isa = PBXResourcesBuildPhase;
			buildActionMask = 2147483647;
			files = (
				DBA7580A2AEE97C600DE2D16 /* Preview Assets.xcassets in Resources */,
				DBA758362AEEB7DF00DE2D16 /* Localizable.strings in Resources */,
				DBA758072AEE97C600DE2D16 /* Assets.xcassets in Resources */,
			);
			runOnlyForDeploymentPostprocessing = 0;
		};
/* End PBXResourcesBuildPhase section */

/* Begin PBXSourcesBuildPhase section */
		DBA757FB2AEE97C400DE2D16 /* Sources */ = {
			isa = PBXSourcesBuildPhase;
			buildActionMask = 2147483647;
			files = (
				DBA758292AEE9BF500DE2D16 /* MonarchTokenView.swift in Sources */,
				DBA7583E2AEEBA7500DE2D16 /* LifeOptionsPanel.swift in Sources */,
				DBA7581F2AEE9BB000DE2D16 /* LifePointsPanelView.swift in Sources */,
				DBA7584A2AEFE9C000DE2D16 /* AlternativeCountersView.swift in Sources */,
				DBA7584C2AEFED5100DE2D16 /* LifePointsPanelBackground.swift in Sources */,
				DBA7583C2AEEBA6600DE2D16 /* OptionsPanel.swift in Sources */,
				DB28F3ED2AF66DC20084C088 /* TreacheryOptionsPanel.swift in Sources */,
				DBA758232AEE9BD300DE2D16 /* Treachery.swift in Sources */,
				DBA7582B2AEE9BFE00DE2D16 /* CircularButtonView.swift in Sources */,
				DBA758272AEE9BEC00DE2D16 /* CommanderDamagesPanel.swift in Sources */,
				DBA758252AEE9BDD00DE2D16 /* LifePointsPlayerPanelView+Treachery.swift in Sources */,
				DBA758412AEEBAAD00DE2D16 /* MenuNumberOfPlayerChoiceView.swift in Sources */,
				DBA758452AEEBAED00DE2D16 /* OptionsMenuView.swift in Sources */,
				DBA758332AEE9E4600DE2D16 /* SaveManager.swift in Sources */,
				DBA758192AEE9B7E00DE2D16 /* LifePointsViewModel.swift in Sources */,
				DBA7584E2AF14F5D00DE2D16 /* LP_Structs.swift in Sources */,
				DBA758212AEE9BC300DE2D16 /* Blueprints.swift in Sources */,
				DB28F3EF2AF7AD6E0084C088 /* ProfileSelectorView.swift in Sources */,
				DBA758052AEE97C400DE2D16 /* ContentView.swift in Sources */,
				DBA7581D2AEE9BA500DE2D16 /* LifePointsPlayerPanelView.swift in Sources */,
				DBA7582F2AEE9D8E00DE2D16 /* CardSizes.swift in Sources */,
				DBA758312AEE9E2E00DE2D16 /* PlanechaseViewModel.swift in Sources */,
				DBA758432AEEBAB800DE2D16 /* MenuStartingLifeChoiceView.swift in Sources */,
				DBA7582D2AEE9C7C00DE2D16 /* OG_Extensions.swift in Sources */,
				DBA758032AEE97C400DE2D16 /* LifeCounterApp.swift in Sources */,
				DBA7581B2AEE9B9400DE2D16 /* LifePointsView.swift in Sources */,
			);
			runOnlyForDeploymentPostprocessing = 0;
		};
/* End PBXSourcesBuildPhase section */

/* Begin PBXVariantGroup section */
		DBA758382AEEB7DF00DE2D16 /* Localizable.strings */ = {
			isa = PBXVariantGroup;
			children = (
				DBA758372AEEB7DF00DE2D16 /* en */,
				DBA758392AEEB83F00DE2D16 /* fr */,
			);
			name = Localizable.strings;
			sourceTree = "<group>";
		};
/* End PBXVariantGroup section */

/* Begin XCBuildConfiguration section */
		DBA7580B2AEE97C600DE2D16 /* Debug */ = {
			isa = XCBuildConfiguration;
			buildSettings = {
				ALWAYS_SEARCH_USER_PATHS = NO;
				CLANG_ANALYZER_LOCALIZABILITY_NONLOCALIZED = YES;
				CLANG_ANALYZER_NONNULL = YES;
				CLANG_ANALYZER_NUMBER_OBJECT_CONVERSION = YES_AGGRESSIVE;
				CLANG_CXX_LANGUAGE_STANDARD = "gnu++20";
				CLANG_ENABLE_MODULES = YES;
				CLANG_ENABLE_OBJC_ARC = YES;
				CLANG_ENABLE_OBJC_WEAK = YES;
				CLANG_WARN_BLOCK_CAPTURE_AUTORELEASING = YES;
				CLANG_WARN_BOOL_CONVERSION = YES;
				CLANG_WARN_COMMA = YES;
				CLANG_WARN_CONSTANT_CONVERSION = YES;
				CLANG_WARN_DEPRECATED_OBJC_IMPLEMENTATIONS = YES;
				CLANG_WARN_DIRECT_OBJC_ISA_USAGE = YES_ERROR;
				CLANG_WARN_DOCUMENTATION_COMMENTS = YES;
				CLANG_WARN_EMPTY_BODY = YES;
				CLANG_WARN_ENUM_CONVERSION = YES;
				CLANG_WARN_INFINITE_RECURSION = YES;
				CLANG_WARN_INT_CONVERSION = YES;
				CLANG_WARN_NON_LITERAL_NULL_CONVERSION = YES;
				CLANG_WARN_OBJC_IMPLICIT_RETAIN_SELF = YES;
				CLANG_WARN_OBJC_LITERAL_CONVERSION = YES;
				CLANG_WARN_OBJC_ROOT_CLASS = YES_ERROR;
				CLANG_WARN_QUOTED_INCLUDE_IN_FRAMEWORK_HEADER = YES;
				CLANG_WARN_RANGE_LOOP_ANALYSIS = YES;
				CLANG_WARN_STRICT_PROTOTYPES = YES;
				CLANG_WARN_SUSPICIOUS_MOVE = YES;
				CLANG_WARN_UNGUARDED_AVAILABILITY = YES_AGGRESSIVE;
				CLANG_WARN_UNREACHABLE_CODE = YES;
				CLANG_WARN__DUPLICATE_METHOD_MATCH = YES;
				COPY_PHASE_STRIP = NO;
				DEBUG_INFORMATION_FORMAT = dwarf;
				ENABLE_STRICT_OBJC_MSGSEND = YES;
				ENABLE_TESTABILITY = YES;
				GCC_C_LANGUAGE_STANDARD = gnu11;
				GCC_DYNAMIC_NO_PIC = NO;
				GCC_NO_COMMON_BLOCKS = YES;
				GCC_OPTIMIZATION_LEVEL = 0;
				GCC_PREPROCESSOR_DEFINITIONS = (
					"DEBUG=1",
					"$(inherited)",
				);
				GCC_WARN_64_TO_32_BIT_CONVERSION = YES;
				GCC_WARN_ABOUT_RETURN_TYPE = YES_ERROR;
				GCC_WARN_UNDECLARED_SELECTOR = YES;
				GCC_WARN_UNINITIALIZED_AUTOS = YES_AGGRESSIVE;
				GCC_WARN_UNUSED_FUNCTION = YES;
				GCC_WARN_UNUSED_VARIABLE = YES;
				IPHONEOS_DEPLOYMENT_TARGET = 16.2;
				MTL_ENABLE_DEBUG_INFO = INCLUDE_SOURCE;
				MTL_FAST_MATH = YES;
				ONLY_ACTIVE_ARCH = YES;
				SDKROOT = iphoneos;
				SWIFT_ACTIVE_COMPILATION_CONDITIONS = DEBUG;
				SWIFT_OPTIMIZATION_LEVEL = "-Onone";
			};
			name = Debug;
		};
		DBA7580C2AEE97C600DE2D16 /* Release */ = {
			isa = XCBuildConfiguration;
			buildSettings = {
				ALWAYS_SEARCH_USER_PATHS = NO;
				CLANG_ANALYZER_LOCALIZABILITY_NONLOCALIZED = YES;
				CLANG_ANALYZER_NONNULL = YES;
				CLANG_ANALYZER_NUMBER_OBJECT_CONVERSION = YES_AGGRESSIVE;
				CLANG_CXX_LANGUAGE_STANDARD = "gnu++20";
				CLANG_ENABLE_MODULES = YES;
				CLANG_ENABLE_OBJC_ARC = YES;
				CLANG_ENABLE_OBJC_WEAK = YES;
				CLANG_WARN_BLOCK_CAPTURE_AUTORELEASING = YES;
				CLANG_WARN_BOOL_CONVERSION = YES;
				CLANG_WARN_COMMA = YES;
				CLANG_WARN_CONSTANT_CONVERSION = YES;
				CLANG_WARN_DEPRECATED_OBJC_IMPLEMENTATIONS = YES;
				CLANG_WARN_DIRECT_OBJC_ISA_USAGE = YES_ERROR;
				CLANG_WARN_DOCUMENTATION_COMMENTS = YES;
				CLANG_WARN_EMPTY_BODY = YES;
				CLANG_WARN_ENUM_CONVERSION = YES;
				CLANG_WARN_INFINITE_RECURSION = YES;
				CLANG_WARN_INT_CONVERSION = YES;
				CLANG_WARN_NON_LITERAL_NULL_CONVERSION = YES;
				CLANG_WARN_OBJC_IMPLICIT_RETAIN_SELF = YES;
				CLANG_WARN_OBJC_LITERAL_CONVERSION = YES;
				CLANG_WARN_OBJC_ROOT_CLASS = YES_ERROR;
				CLANG_WARN_QUOTED_INCLUDE_IN_FRAMEWORK_HEADER = YES;
				CLANG_WARN_RANGE_LOOP_ANALYSIS = YES;
				CLANG_WARN_STRICT_PROTOTYPES = YES;
				CLANG_WARN_SUSPICIOUS_MOVE = YES;
				CLANG_WARN_UNGUARDED_AVAILABILITY = YES_AGGRESSIVE;
				CLANG_WARN_UNREACHABLE_CODE = YES;
				CLANG_WARN__DUPLICATE_METHOD_MATCH = YES;
				COPY_PHASE_STRIP = NO;
				DEBUG_INFORMATION_FORMAT = "dwarf-with-dsym";
				ENABLE_NS_ASSERTIONS = NO;
				ENABLE_STRICT_OBJC_MSGSEND = YES;
				GCC_C_LANGUAGE_STANDARD = gnu11;
				GCC_NO_COMMON_BLOCKS = YES;
				GCC_WARN_64_TO_32_BIT_CONVERSION = YES;
				GCC_WARN_ABOUT_RETURN_TYPE = YES_ERROR;
				GCC_WARN_UNDECLARED_SELECTOR = YES;
				GCC_WARN_UNINITIALIZED_AUTOS = YES_AGGRESSIVE;
				GCC_WARN_UNUSED_FUNCTION = YES;
				GCC_WARN_UNUSED_VARIABLE = YES;
				IPHONEOS_DEPLOYMENT_TARGET = 16.2;
				MTL_ENABLE_DEBUG_INFO = NO;
				MTL_FAST_MATH = YES;
				SDKROOT = iphoneos;
				SWIFT_COMPILATION_MODE = wholemodule;
				SWIFT_OPTIMIZATION_LEVEL = "-O";
				VALIDATE_PRODUCT = YES;
			};
			name = Release;
		};
		DBA7580E2AEE97C600DE2D16 /* Debug */ = {
			isa = XCBuildConfiguration;
			buildSettings = {
				ASSETCATALOG_COMPILER_APPICON_NAME = AppIcon;
				ASSETCATALOG_COMPILER_GLOBAL_ACCENT_COLOR_NAME = AccentColor;
				CODE_SIGN_STYLE = Automatic;
				CURRENT_PROJECT_VERSION = 3;
				DEVELOPMENT_ASSET_PATHS = "\"LifeCounter/Preview Content\"";
				DEVELOPMENT_TEAM = RDT93YL76H;
				ENABLE_PREVIEWS = YES;
				GENERATE_INFOPLIST_FILE = YES;
				INFOPLIST_FILE = LifeCounter/Info.plist;
				INFOPLIST_KEY_CFBundleDisplayName = Aether;
				INFOPLIST_KEY_UIApplicationSceneManifest_Generation = YES;
				INFOPLIST_KEY_UIApplicationSupportsIndirectInputEvents = YES;
				INFOPLIST_KEY_UILaunchScreen_Generation = YES;
				INFOPLIST_KEY_UIRequiresFullScreen = YES;
				INFOPLIST_KEY_UIStatusBarStyle = UIStatusBarStyleDarkContent;
				INFOPLIST_KEY_UISupportedInterfaceOrientations = UIInterfaceOrientationLandscapeRight;
				INFOPLIST_KEY_UISupportedInterfaceOrientations_iPad = "UIInterfaceOrientationLandscapeLeft UIInterfaceOrientationLandscapeRight";
				IPHONEOS_DEPLOYMENT_TARGET = 14.0;
				LD_RUNPATH_SEARCH_PATHS = (
					"$(inherited)",
					"@executable_path/Frameworks",
				);
				MARKETING_VERSION = 1.0;
				PRODUCT_BUNDLE_IDENTIFIER = BurningBeard.Loic.MTGLifeCounter;
				PRODUCT_NAME = "$(TARGET_NAME)";
				SWIFT_EMIT_LOC_STRINGS = YES;
				SWIFT_VERSION = 5.0;
				TARGETED_DEVICE_FAMILY = "1,2";
			};
			name = Debug;
		};
		DBA7580F2AEE97C600DE2D16 /* Release */ = {
			isa = XCBuildConfiguration;
			buildSettings = {
				ASSETCATALOG_COMPILER_APPICON_NAME = AppIcon;
				ASSETCATALOG_COMPILER_GLOBAL_ACCENT_COLOR_NAME = AccentColor;
				CODE_SIGN_STYLE = Automatic;
				CURRENT_PROJECT_VERSION = 3;
				DEVELOPMENT_ASSET_PATHS = "\"LifeCounter/Preview Content\"";
				DEVELOPMENT_TEAM = RDT93YL76H;
				ENABLE_PREVIEWS = YES;
				GENERATE_INFOPLIST_FILE = YES;
				INFOPLIST_FILE = LifeCounter/Info.plist;
				INFOPLIST_KEY_CFBundleDisplayName = Aether;
				INFOPLIST_KEY_UIApplicationSceneManifest_Generation = YES;
				INFOPLIST_KEY_UIApplicationSupportsIndirectInputEvents = YES;
				INFOPLIST_KEY_UILaunchScreen_Generation = YES;
				INFOPLIST_KEY_UIRequiresFullScreen = YES;
				INFOPLIST_KEY_UIStatusBarStyle = UIStatusBarStyleDarkContent;
				INFOPLIST_KEY_UISupportedInterfaceOrientations = UIInterfaceOrientationLandscapeRight;
				INFOPLIST_KEY_UISupportedInterfaceOrientations_iPad = "UIInterfaceOrientationLandscapeLeft UIInterfaceOrientationLandscapeRight";
				IPHONEOS_DEPLOYMENT_TARGET = 14.0;
				LD_RUNPATH_SEARCH_PATHS = (
					"$(inherited)",
					"@executable_path/Frameworks",
				);
				MARKETING_VERSION = 1.0;
				PRODUCT_BUNDLE_IDENTIFIER = BurningBeard.Loic.MTGLifeCounter;
				PRODUCT_NAME = "$(TARGET_NAME)";
				SWIFT_EMIT_LOC_STRINGS = YES;
				SWIFT_VERSION = 5.0;
				TARGETED_DEVICE_FAMILY = "1,2";
			};
			name = Release;
		};
/* End XCBuildConfiguration section */

/* Begin XCConfigurationList section */
		DBA757FA2AEE97C400DE2D16 /* Build configuration list for PBXProject "LifeCounter" */ = {
			isa = XCConfigurationList;
			buildConfigurations = (
				DBA7580B2AEE97C600DE2D16 /* Debug */,
				DBA7580C2AEE97C600DE2D16 /* Release */,
			);
			defaultConfigurationIsVisible = 0;
			defaultConfigurationName = Release;
		};
		DBA7580D2AEE97C600DE2D16 /* Build configuration list for PBXNativeTarget "LifeCounter" */ = {
			isa = XCConfigurationList;
			buildConfigurations = (
				DBA7580E2AEE97C600DE2D16 /* Debug */,
				DBA7580F2AEE97C600DE2D16 /* Release */,
			);
			defaultConfigurationIsVisible = 0;
			defaultConfigurationName = Release;
		};
/* End XCConfigurationList section */
	};
	rootObject = DBA757F72AEE97C400DE2D16 /* Project object */;
}
